
Microsoft Visual Studio Solution File, Format Version 12.00
Project("{8BC9CEB8-8B4A-11D0-8D11-00A0C91BC942}") = "LeetCode144_二叉树的前序遍历", "LeetCode144_二叉树的前序遍历\LeetCode144_二叉树的前序遍历.vcxproj", "{E6665F8D-4451-4789-ACEE-45194699992E}"
EndProject
Project("{8BC9CEB8-8B4A-11D0-8D11-00A0C91BC942}") = "LeetCode94_二叉树的中序遍历", "LeetCode94_二叉树的中序遍历\LeetCode94_二叉树的中序遍历.vcxproj", "{AEFDE83B-08AA-4994-8127-6A9DA6F9032A}"
EndProject
Project("{8BC9CEB8-8B4A-11D0-8D11-00A0C91BC942}") = "LeetCode145_二叉树的后序遍历", "LeetCode145_二叉树的后序遍历\LeetCode145_二叉树的后序遍历.vcxproj", "{C8D4C401-1F7A-4716-9B63-1A4AD035DEE4}"
EndProject
Global
	GlobalSection(SolutionConfigurationPlatforms) = preSolution
		Debug|Win32 = Debug|Win32
		Debug|x64 = Debug|x64
		Release|Win32 = Release|Win32
		Release|x64 = Release|x64
	EndGlobalSection
	GlobalSection(ProjectConfigurationPlatforms) = postSolution
		{E6665F8D-4451-4789-ACEE-45194699992E}.Debug|Win32.ActiveCfg = Debug|Win32
		{E6665F8D-4451-4789-ACEE-45194699992E}.Debug|Win32.Build.0 = Debug|Win32
		{E6665F8D-4451-4789-ACEE-45194699992E}.Debug|x64.ActiveCfg = Debug|x64
		{E6665F8D-4451-4789-ACEE-45194699992E}.Debug|x64.Build.0 = Debug|x64
		{E6665F8D-4451-4789-ACEE-45194699992E}.Release|Win32.ActiveCfg = Release|Win32
		{E6665F8D-4451-4789-ACEE-45194699992E}.Release|Win32.Build.0 = Release|Win32
		{E6665F8D-4451-4789-ACEE-45194699992E}.Release|x64.ActiveCfg = Release|x64
		{E6665F8D-4451-4789-ACEE-45194699992E}.Release|x64.Build.0 = Release|x64
		{AEFDE83B-08AA-4994-8127-6A9DA6F9032A}.Debug|Win32.ActiveCfg = Debug|Win32
		{AEFDE83B-08AA-4994-8127-6A9DA6F9032A}.Debug|Win32.Build.0 = Debug|Win32
		{AEFDE83B-08AA-4994-8127-6A9DA6F9032A}.Debug|x64.ActiveCfg = Debug|x64
		{AEFDE83B-08AA-4994-8127-6A9DA6F9032A}.Debug|x64.Build.0 = Debug|x64
		{AEFDE83B-08AA-4994-8127-6A9DA6F9032A}.Release|Win32.ActiveCfg = Release|Win32
		{AEFDE83B-08AA-4994-8127-6A9DA6F9032A}.Release|Win32.Build.0 = Release|Win32
		{AEFDE83B-08AA-4994-8127-6A9DA6F9032A}.Release|x64.ActiveCfg = Release|x64
		{AEFDE83B-08AA-4994-8127-6A9DA6F9032A}.Release|x64.Build.0 = Release|x64
		{C8D4C401-1F7A-4716-9B63-1A4AD035DEE4}.Debug|Win32.ActiveCfg = Debug|Win32
		{C8D4C401-1F7A-4716-9B63-1A4AD035DEE4}.Debug|Win32.Build.0 = Debug|Win32
		{C8D4C401-1F7A-4716-9B63-1A4AD035DEE4}.Debug|x64.ActiveCfg = Debug|x64
		{C8D4C401-1F7A-4716-9B63-1A4AD035DEE4}.Debug|x64.Build.0 = Debug|x64
		{C8D4C401-1F7A-4716-9B63-1A4AD035DEE4}.Release|Win32.ActiveCfg = Release|Win32
		{C8D4C401-1F7A-4716-9B63-1A4AD035DEE4}.Release|Win32.Build.0 = Release|Win32
		{C8D4C401-1F7A-4716-9B63-1A4AD035DEE4}.Release|x64.ActiveCfg = Release|x64
		{C8D4C401-1F7A-4716-9B63-1A4AD035DEE4}.Release|x64.Build.0 = Release|x64
	EndGlobalSection
EndGlobal
