
Microsoft Visual Studio Solution File, Format Version 12.00
# Visual Studio Version 17
VisualStudioVersion = 17.5.33424.131
MinimumVisualStudioVersion = 10.0.40219.1
Project("{8BC9CEB8-8B4A-11D0-8D11-00A0C91BC942}") = "剑指Offer_58_左旋转字符串", "剑指Offer_58_左旋转字符串.vcxproj", "{1D9082F9-B5E3-4FFE-85AD-E64F5CAE8D80}"
EndProject
Global
	GlobalSection(SolutionConfigurationPlatforms) = preSolution
		Debug|x64 = Debug|x64
		Debug|x86 = Debug|x86
		Release|x64 = Release|x64
		Release|x86 = Release|x86
	EndGlobalSection
	GlobalSection(ProjectConfigurationPlatforms) = postSolution
		{1D9082F9-B5E3-4FFE-85AD-E64F5CAE8D80}.Debug|x64.ActiveCfg = Debug|x64
		{1D9082F9-B5E3-4FFE-85AD-E64F5CAE8D80}.Debug|x64.Build.0 = Debug|x64
		{1D9082F9-B5E3-4FFE-85AD-E64F5CAE8D80}.Debug|x86.ActiveCfg = Debug|Win32
		{1D9082F9-B5E3-4FFE-85AD-E64F5CAE8D80}.Debug|x86.Build.0 = Debug|Win32
		{1D9082F9-B5E3-4FFE-85AD-E64F5CAE8D80}.Release|x64.ActiveCfg = Release|x64
		{1D9082F9-B5E3-4FFE-85AD-E64F5CAE8D80}.Release|x64.Build.0 = Release|x64
		{1D9082F9-B5E3-4FFE-85AD-E64F5CAE8D80}.Release|x86.ActiveCfg = Release|Win32
		{1D9082F9-B5E3-4FFE-85AD-E64F5CAE8D80}.Release|x86.Build.0 = Release|Win32
	EndGlobalSection
	GlobalSection(SolutionProperties) = preSolution
		HideSolutionNode = FALSE
	EndGlobalSection
	GlobalSection(ExtensibilityGlobals) = postSolution
		SolutionGuid = {C945F2B8-A1D5-4FE1-AAFD-875FE9B3375D}
	EndGlobalSection
EndGlobal
