
Microsoft Visual Studio Solution File, Format Version 12.00
Project("{8BC9CEB8-8B4A-11D0-8D11-00A0C91BC942}") = "LeetCode144_前序遍历", "LeetCode144_前序遍历\LeetCode144_前序遍历.vcxproj", "{3DDEB13D-4E22-4E23-93CA-DE35FF8D4CEB}"
EndProject
Project("{8BC9CEB8-8B4A-11D0-8D11-00A0C91BC942}") = "LeetCode94_中序遍历", "LeetCode94_中序遍历\LeetCode94_中序遍历.vcxproj", "{0BAA2FCC-2AC2-4A2F-8991-24F1030F2634}"
EndProject
Project("{8BC9CEB8-8B4A-11D0-8D11-00A0C91BC942}") = "LeetCode145_后序遍历", "LeetCode145_后序遍历\LeetCode145_后序遍历.vcxproj", "{5FA0C2E3-F963-44EA-9855-60561D0A444F}"
EndProject
Global
	GlobalSection(SolutionConfigurationPlatforms) = preSolution
		Debug|Win32 = Debug|Win32
		Debug|x64 = Debug|x64
		Release|Win32 = Release|Win32
		Release|x64 = Release|x64
	EndGlobalSection
	GlobalSection(ProjectConfigurationPlatforms) = postSolution
		{3DDEB13D-4E22-4E23-93CA-DE35FF8D4CEB}.Debug|Win32.ActiveCfg = Debug|Win32
		{3DDEB13D-4E22-4E23-93CA-DE35FF8D4CEB}.Debug|Win32.Build.0 = Debug|Win32
		{3DDEB13D-4E22-4E23-93CA-DE35FF8D4CEB}.Debug|x64.ActiveCfg = Debug|x64
		{3DDEB13D-4E22-4E23-93CA-DE35FF8D4CEB}.Debug|x64.Build.0 = Debug|x64
		{3DDEB13D-4E22-4E23-93CA-DE35FF8D4CEB}.Release|Win32.ActiveCfg = Release|Win32
		{3DDEB13D-4E22-4E23-93CA-DE35FF8D4CEB}.Release|Win32.Build.0 = Release|Win32
		{3DDEB13D-4E22-4E23-93CA-DE35FF8D4CEB}.Release|x64.ActiveCfg = Release|x64
		{3DDEB13D-4E22-4E23-93CA-DE35FF8D4CEB}.Release|x64.Build.0 = Release|x64
		{0BAA2FCC-2AC2-4A2F-8991-24F1030F2634}.Debug|Win32.ActiveCfg = Debug|Win32
		{0BAA2FCC-2AC2-4A2F-8991-24F1030F2634}.Debug|Win32.Build.0 = Debug|Win32
		{0BAA2FCC-2AC2-4A2F-8991-24F1030F2634}.Debug|x64.ActiveCfg = Debug|x64
		{0BAA2FCC-2AC2-4A2F-8991-24F1030F2634}.Debug|x64.Build.0 = Debug|x64
		{0BAA2FCC-2AC2-4A2F-8991-24F1030F2634}.Release|Win32.ActiveCfg = Release|Win32
		{0BAA2FCC-2AC2-4A2F-8991-24F1030F2634}.Release|Win32.Build.0 = Release|Win32
		{0BAA2FCC-2AC2-4A2F-8991-24F1030F2634}.Release|x64.ActiveCfg = Release|x64
		{0BAA2FCC-2AC2-4A2F-8991-24F1030F2634}.Release|x64.Build.0 = Release|x64
		{5FA0C2E3-F963-44EA-9855-60561D0A444F}.Debug|Win32.ActiveCfg = Debug|Win32
		{5FA0C2E3-F963-44EA-9855-60561D0A444F}.Debug|Win32.Build.0 = Debug|Win32
		{5FA0C2E3-F963-44EA-9855-60561D0A444F}.Debug|x64.ActiveCfg = Debug|x64
		{5FA0C2E3-F963-44EA-9855-60561D0A444F}.Debug|x64.Build.0 = Debug|x64
		{5FA0C2E3-F963-44EA-9855-60561D0A444F}.Release|Win32.ActiveCfg = Release|Win32
		{5FA0C2E3-F963-44EA-9855-60561D0A444F}.Release|Win32.Build.0 = Release|Win32
		{5FA0C2E3-F963-44EA-9855-60561D0A444F}.Release|x64.ActiveCfg = Release|x64
		{5FA0C2E3-F963-44EA-9855-60561D0A444F}.Release|x64.Build.0 = Release|x64
	EndGlobalSection
EndGlobal
